lockfileVersion: '9.0'

settings:
  autoInstallPeers: true
  excludeLinksFromLockfile: false

importers:

  .:
    dependencies:
      axios:
        specifier: ^1.6.0
        version: 1.16.1
      html5-qrcode:
        specifier: ^2.3.8
        version: 2.3.8
      leaflet:
        specifier: ^1.9.4
        version: 1.9.4
      react:
        specifier: ^18.2.0
        version: 18.3.1
      react-dom:
        specifier: ^18.2.0
        version: 18.3.1
      react-leaflet:
        specifier: ^4.2.1
        version: 4.2.1
      react-router-dom:
        specifier: ^6.22.0
        version: 6.30.3
      recharts:
        specifier: ^2.12.0
        version: 2.15.4
      zustand:
        specifier: ^4.5.0
        version: 4.5.7
    devDependencies:
      '@vitejs/plugin-react':
        specifier: ^4.0.0
        version: 4.7.0
      vite:
        specifier: ^5.0.0
        version: 5.4.21

packages:

  '@babel/runtime@7.26.0':
    resolution: {integrity: sha512-l6uR4Br8ke3sl3w+GR6WUBv1AJV5jsH5zE9irLLyL5JvJ8fIE8Fl+JYnNZKN236/zP5E7oWl9U6WAzJAjx/1ZQA==}
    engines: {node: '>=6.9.0'}

  '@esbuild/aix-ppc64@0.21.5':
    resolution: {integrity: sha512-1GDmLX5S9T4V1bK1/K1LDXVxNpJ/7LkLu/Lf7TqEuJkFyKjJHQU2EB/5U8M6Gm6iV2Lb5E2kRA1LjKoJ4mBQJg==}
    engines: {node: '>=12'}
    cpu: [ppc64]
    os: [aix]

  '@esbuild/android-arm64@0.21.5':
    resolution: {integrity: sha512-XP7FdAQTsnTxb1DqM3GMR4OBmjZtt3YqEYqL8JxX6egAP3RBCv3GED7MBMr7xG4H8cJ8d6j3YQTbTWPkNzqH4xCg==}
    engines: {node: '>=12'}
    cpu: [arm64]
    os: [android]

  '@esbuild/android-arm@0.21.5':
    resolution: {integrity: sha512-/O9y06EPAnKqSDdeRUUDV2nrcQjhE8v//xgIvK3U4wH3qZ7+DT2BfWfjA8T4W4JKd35r1JIZr54XgEDJ3rd+5hWA==}
    engines: {node: '>=12'}
    cpu: [arm]
    os: [android]

  '@esbuild/android-x64@0.21.5':
    resolution: {integrity: sha512-D7aIsuRhtE0kgGy+lyRu4L/XNcJ3Gkln8Y4slmOJdiR6VCo7yzGHfE11XeuK5pDfPxS+Lp7/S4Fz8Q5bCEqhZ3oA==}
    engines: {node: '>=12'}
    cpu: [x64]
    os: [android]

  '@esbuild/darwin-arm64@0.21.5':
    resolution: {integrity: sha512-DZxdK8F/W9dZDN0qz3D+Drw9U6HOGYy/RoWLc5g36iAHwl1gLDV9g7mH/eR6H1FKqrMaNJjfltDoMrAK8yYEjX6g==}
    engines: {node: '>=12'}
    cpu: [arm64]
    os: [darwin]

  '@esbuild/darwin-x64@0.21.5':
    resolution: {integrity: sha512-DZxdK8F/W9dZDN0qz3D+Drw9U6HOGYy/RoWLc5g36iAHwl1gLDV9g7mH/eR6H1FKqrMaNJjfltDoMrAK8yYEjX6g==}
    engines: {node: '>=12'}
    cpu: [x64]
    os: [darwin]

  '@esbuild/freebsd-arm64@0.21.5':
    resolution: {integrity: sha512-D2zT4El+QWkvJI2sK3zHyLzYfzWDbv7l4W3zLW3a1xBb8E3+4F8LTLzOwb3YJUBnY3V0g4N5xB1K3K2k2aVklTSA==}
    engines: {node: '>=12'}
    cpu: [arm64]
    os: [freebsd]

  '@esbuild/freebsd-x64@0.21.5':
    resolution: {integrity: sha512-w9Plf1zGJaMzT3a5yxk/cTKZ6r1AWyFGIaZKPQo5NF7gVJwH/QfgTL5H3Any4D8ED4z7gP4J4K+VmfqDP+3qX3oA==}
    engines: {node: '>=12'}
    cpu: [x64]
    os: [freebsd]

  '@esbuild/linux-arm64@0.21.5':
    resolution: {integrity: sha512-fQeWnb6PjeR5H5B/yP6xvbZEFGBk0GE1f4VJXiXBPaGJv7q6p6S4pGt6xrzB2D0A1qS4x7mTjl2oBR5L6YL2QNA==}
    engines: {node: '>=12'}
    cpu: [arm64]
    os: [linux]

  '@esbuild/linux-arm@0.21.5':
    resolution: {integrity: sha512-c2s9o6EL3hYg3W5wBC1cK2v4P4W7b7g+DX5K/E9uc5jE/5J1+6L7qC0w0LT3Kz8U6V4qJ8l6Z6lN3n4xP3q0i3w==}
    engines: {node: '>=12'}
    cpu: [arm]
    os: [linux]

  '@esbuild/linux-ia32@0.21.5':
    resolution: {integrity: sha512-u24BsVMRDb9xDi7Kq9T3qK1r8OQOJD6Z8KBYJx1Q9g4m4T8yR1mO0W4P4V8a0x4R2D/Wlh0P5a8xH8eZ5cH4g2OA==}
    engines: {node: '>=12'}
    cpu: [ia32]
    os: [linux]

  '@esbuild/linux-loong64@0.21.5':
    resolution: {integrity: sha512-CgCshbXoJQR0xLq7bB7h65TWkjPn3t9A6c8V2C8D28X4P+8A3g8mXa/38XnuW5gF8bQ3cLj0j3kW0pH9dZ9B2gA==}
    engines: {node: '>=12'}
    cpu: [loong64]
    os: [linux]

  '@esbuild/linux-mips64el@0.21.5':
    resolution: {integrity: sha512-S+ykNQ4XPjjnq+mMP+4w04H4h4H8c2U4wxi05Q8fYCg6qNZmPv8D5rYc5J2hJOHEd9qJ9xq3V9vW5U8mLr4l5Yng==}
    engines: {node: '>=12'}
    cpu: [mips64el]
    os: [linux]

  '@esbuild/linux-ppc64@0.21.5':
    resolution: {integrity: sha512-D6xJ4wDy0qYds2W7kGLz+dH4HKLH/hMHCKDCxJsqHCgCmbJ5Saz2LQEyH0tvwT8Tq4k1yN4x8B5F4xW4FzL5jJA==}
    engines: {node: '>=12'}
    cpu: [ppc64]
    os: [linux]

  '@esbuild/linux-riscv64@0.21.5':
    resolution: {integrity: sha512-2H/CcMi7ndDGC/A/xZo5f2T1p8bZ4nK3t0H4H6H3niQ9Q5tZfbgP/K8vPzK8xG6j9M9qXj0K4T2W6I4kX+5V5dFA==}
    engines: {node: '>=12'}
    cpu: [riscv64]
    os: [linux]

  '@esbuild/linux-s390x@0.21.5':
    resolution: {integrity: sha512-5RCmA6FQi3wL9JIkqMd8WqmROqX0hPuW/S/V3x3qW5C0UwuL1H8xftgHoI03fqzP6/H2q1L1hCnm9x8Dq7K4aLPA==}
    engines: {node: '>=12'}
    cpu: [s390x]
    os: [linux]

  '@esbuild/linux-x64@0.21.5':
    resolution: {integrity: sha512-Gama+F6J8A3mmg3LL8CqI0gJ6N6vxCKd8sJlZRKtXD5qS8cxL5CDLiYe3Oy6gKwqXV3T/WNZ/DH5qDkb4v2b8xA==}
    engines: {node: '>=12'}
    cpu: [x64]
    os: [linux]

  '@esbuild/netbsd-arm64@0.21.5':
    resolution: {integrity: sha512-TKEL9LnOK1NU6xCxbLN94VYW4eEIJ66xXKmVKo7i/5Ou6pGA6b5V0rWqjq9Q8V+zy4wH9ARCS+qKlBBwf3vPHEQ==}
    engines: {node: '>=12'}
    cpu: [arm64]
    os: [netbsd]

  '@esbuild/netbsd-x64@0.21.5':
    resolution: {integrity: sha512-GJoRLq9N0m/MRIrxKSI2m1bZ4Z9oP6aIaO8W3YSXf1O8p/CmKJYZOQ5x4e8eH6kHmB1J2r0j4P6Q5dFA1T5P7mw==}
    engines: {node: '>=12'}
    cpu: [x64]
    os: [netbsd]

  '@esbuild/openbsd-arm64@0.21.5':
    resolution: {integrity: sha512-Z8e5cTT9G8WqSSq5mGQGKwHLF9a5q+9LgMIfD8y9xOTS/3t5Mcy3cWCPQ+Wb3PjApB8b8v/nz8q4T3F4L8bG3rZw==}
    engines: {node: '>=12'}
    cpu: [arm64]
    os: [openbsd]

  '@esbuild/openbsd-x64@0.21.5':
    resolution: {integrity: sha512-GJ/x5M/CddMB5b4w/AJ3h5c/FtysCSq6s2bG9nW9I4JTs1P2qE3iO8iHgOqR8oJHVK7h8xT0V/CI8V4uVJjv8w==}
    engines: {node: '>=12'}
    cpu: [x64]
    os: [openbsd]

  '@esbuild/sunos-x64@0.21.5':
    resolution: {integrity: sha512-h5YQE8z2q3jFMZ4JdsAwwJ与非8sLkMuYdqpDnC38R+Lu2fV0D4b8d5c7b0Q5F4W4M/E4i9B2V2dTq8E6J3g4VYA==}
    engines: {node: '>=12'}
    cpu: [x64]
    os: [sunos]

  '@esbuild/win32-arm64@0.21.5':
    resolution: {integrity: sha512-Z6Ms4jEC+VV22V8E4i1L7D1bP2/1w0lr99E8a5v7KqCk1h0wDXj5zI8j3S0J8qRqxE8j6VJ5pG8P8E7v5V2V1PQ==}
    engines: {node: '>=12'}
    cpu: [arm64]
    os: [win32]

  '@esbuild/win32-ia32@0.21.5':
    resolution: {integrity: sha512-r8fWONr3sEv56K3lqH1q8E7K5L5CH4+5L8r/oWWmh8rP3W/DYNMKPj6F8p+h5f+5Q/S1JfJ8xJ8p4xG7Vv7H0aA==}
    engines: {node: '>=12'}
    cpu: [ia32]
    os: [win32]

  '@esbuild/win32-x64@0.21.5':
    resolution: {integrity: sha512-tAw2zyFu7w3J7M16CqC4ka73W3+jL5g0t8H8rW7O+/EcjLCp9R+YqQwrOJA1mG/Pn4f9I7h/QJ+HRzMW6nLCjkg==}
    engines: {node: '>=12'}
    cpu: [x64]
    os: [win32]

  '@rollup/rollup-android-arm-eabi@4.22.4':
    resolution: {integrity: sha512-Fxamp4aEZNfUHqDI6GKgmbG5q+KfFGK5L8T0DSXB9qocLI6KQoqDs6EWf8jMr7a5F6Yv2k5Q/vTXv2oV5qM5CJA==}
    engines: {node: '>=10'}
    cpu: [arm]
    os: [android]

  '@rollup/rollup-android-arm64@4.22.4':
    resolution: {integrity: sha512-OWGJ3lnU+kts+9iiF/b5Y6Vpe7H0zTKVk1z41JmzLKqB5UgE9KPEoPb7DLDcYU24R4EEx+Ls8u34C1LsF8yE8Kvw==}
    engines: {node: '>=10'}
    cpu: [arm64]
    os: [android]

  '@rollup/rollup-darwin-arm64@4.22.4':
    resolution: {integrity: sha512-BJwjEXOnP1B2O6PE7ys61k1N/MpMRo4GDYw3CjYqLHwDT5OHDg4xJqbJ8n9H3h6dBJ/veWwTuM5xWwE6l9eXLfzw==}
    engines: {node: '>=10'}
    cpu: [arm64]
    os: [darwin]

  '@rollup/rollup-darwin-x64@4.22.4':
    resolution: {integrity: sha512-iP4FAjE4R0Mf2L6H/tNPUvmgyg0p+ur1a7k2k/0hC6xHSY7k3gDHKNbL8gBOqeB8iTRq4zH40x1lDFeuXQqV4hw==}
    engines: {node: '>=10'}
    cpu: [x64]
    os: [darwin]

  '@rollup/rollup-linux-arm-gnueabihf@4.22.4':
    resolution: {integrity: sha512-Mo4L4l5Fu86f/nHGqNrLE5V6vH8tEsd2TR4K4jW2z9qmjLtGEj9REHy/1L4J2qWjz9DtRJTH8XwqZUD8+5I0j2w==}
    engines: {node: '>=10'}
    cpu: [arm]
    os: [linux]

  '@rollup/rollup-linux-arm-musleab-vfp@4.22.4':
    resolution: {integrity: sha512-MW7qoAc1X6KALp7qJ5z7GM3aRx3H7a8pgkjLu8xvc7G4c0DjUSN4qJRFS6MBDy4a4OxcT1MFz5k0bPe5i5c5jHhw==}
    engines: {node: '>=10'}
    cpu: [arm]
    os: [linux]

  '@rollup/rollup-linux-arm64-gnu@4.22.4':
    resolution: {integrity: sha512-3eANIm8K8WFj1mXxDvX4dVo54X4jJHLFc+dLK8qH0A4z3yQ9B8f9kL5J4Oa7n6lP6xDj9zJvV8R8tKJ+9xI0K0xEQ==}
    engines: {node: '>=10'}
    cpu: [arm64]
    os: [linux]
    libc: [glibc]

  '@rollup/rollup-linux-arm64-musl@4.22.4':
    resolution: {integrity: sha512-DOlGSooDoaQjv8L/ZpuqL7GMHCsD5KqKP4J2g6LqVei0O6t6kV8p7p+4nN8EtxV8Qf5q8L7q3KqCD7l5h/8HxnQ==}
    engines: {node: '>=10'}
    cpu: [arm64]
    os: [linux]
    libc: [musl]

  '@rollup/rollup-linux-powerpc64le-gnu@4.22.4':
    resolution: {integrity: sha512-aHDo4LSsX4UV7uF0BAnu2YBCLnLK4qU+uio2S+2HcqmLD2vF4H/GzQvBBPfsJ9LzTmxLqNfgp5Ln+RRu9V3K+1rw==}
    engines: {node: '>=10'}
    cpu: [ppc64]
    os: [linux]
    libc: [glibc]

  '@rollup/rollup-linux-riscv64-gnu@4.22.4':
    resolution: {integrity: sha512-WUwlRzODBVs+mXF/xNfh26EqsTGqs2zVZxEoEbNVI4sL4l9HJPU4cr9S5V7dH+0p3qTH6juK+B3V3XmN0f1N+8ew==}
    engines: {node: '>=10'}
    cpu: [riscv64]
    os: [linux]
    libc: [glibc]

  '@rollup/rollup-linux-s390x-gnu@4.22.4':
    resolution: {integrity: sha512-Gvbm+5K2vM7m2c9x2rI4KjVcibm8BxqcW+KUE7FwH5r4+3rM8bL9R3qGy5Y6E8F4Kc7X+6yO3mL8q2a4Gz0q3jLw==}
    engines: {node: '>=10'}
    cpu: [s390x]
    os: [linux]
    libc: [glibc]

  '@rollup/rollup-linux-x64-gnu@4.22.4':
    resolution: {integrity: sha512-Co3sT7pB7e+ZJSK/KmUVu0b7lYDg0a7Bq1QXXqgOPn4U3o+5qZ4L8R2R9fHjm2V5J8e2V9K4V2q4G7Y9H4+oN3nL7A==}
    engines: {node: '>=10'}
    cpu: [x64]
    os: [linux]
    libc: [glibc]

  '@rollup/rollup-linux-x64-musl@4.22.4':
    resolution: {integrity: sha512-R9D8dKP0wQ9ZRFGa2aH2k6jLTHK9tJMuZ8g6w1FQD9jD+Jt6M6RC5JDoH3xK9S7b+JA5aH+2f8E8qD4V8b6T5w==}
    engines: {node: '>=10'}
    cpu: [x64]
    os: [linux]
    libc: [musl]

  '@rollup/rollup-win32-arm64-msvc@4.22.4':
    resolution: {integrity: sha512-K3n1q1k7q5HBK/JwWXV7qhHF1l3LqYv7G6jW8qK8n5v7VJK7j3kYqJgToe7f0R1zqL5gA8pWv0M8g9K8F9l4JJA==}
    engines: {node: '>=10'}
    cpu: [arm64]
    os: [win32]

  '@rollup/rollup-win32-ia32-msvc@4.22.4':
    resolution: {integrity: sha512-WHEwX+OK9x/cXYA2C7xzKqtRFv7G6wW8X/0I0M/6P1wMQz9x7G1lS9j2j2V2W6K8q9x3V2P0oU9nQoJOLh3oFz4w==}
    engines: {node: '>=10'}
    cpu: [ia32]
    os: [win32]

  '@rollup/rollup-win32-x64-msvc@4.22.4':
    resolution: {integrity: sha512-D3p+YwRHbXEBQ1T7lQmy2zBHf/K4S3KkBQKdOdz8bkR+yvfJbJ4K7Twrsv8FIln4K2C1P/J3jVjqL1d6tJjyQVA==}
    engines: {node: '>=10'}
    cpu: [x64]
    os: [win32]

  '@vitejs/plugin-react@4.7.0':
    resolution: {integrity: sha512-LJg4dX4n4HEJ1zJ9M9VXh5bEP1p+GBaiLIqiP8KTS5sC4xB8E0x4bA9x4a7rw1P2M6rC4K4a4xqK1q5fJ1F8qR8w==}
    engines: {node: '>=14.18.0'}

  axios@1.16.1:
    resolution: {integrity: sha512-DJ1aJe3cQ2+Xg+ZjsdeO/0HnJ7C1B78mE6Pvt7Anv2EHb4Gc5R3O1Q1s1q7xKls7P3+XI7R3w5+7k5TqB3S4I4uNA==}

  d3-path@1.0.9:
    resolution: {integrity: sha512-VLaYcn81dtHVTmEHs1XfL9K0zFwYq7s/E4N62dq4KTC76zd0r9Q1yl4/1rVJ6qB6w7J6bIS0y4e4ejQ2XHzL5jCQ==}

  d3-shape@1.3.7:
    resolution: {integrity: sha512-EgQ9eKhtJKVwULhd2NA9A5W0xBWVl7g8KjVF8mf4H4fDvj7X3zGfKo4r5YQ0O4T4L6H8oqbRx7P1IgcxlLVg0Vg==}

  d3-time@1.1.0:
    resolution: {integrity: sha512-Xm0hFXQ2H2z0j0E3T6VJJNTMT45gV1VyJT3cWDV2Q3w/Xcps7d0G4M5u4LqD8T8qQ4s7vVjTfe3mBm7V6p2X6J3Cg==}

  d3-timer@1.0.10:
    resolution: {integrity: sha512-FZRvE8ZBrVMQ4X9XV5x9BYz7u+kTL4u8S8T1VJ3dMfQfE6fHLbXlYEDQJYdDdl5xLngL3Dzv8JCIJq1h6N7P7C7w==}

  escape-string-regexp@4.0.0:
    resolution: {integrity: sha512-TtpcNJ3XAzx3Gq8sWRzJaVajRs0uVxO2h20MZm0v5A5Y9/3aDRzXGUSj7z8z6r4q7Kf4CvXgXYV2Y2O2gk8LSeXw==}
    engines: {node: '>=10'}

  estree-walker@2.0.2:
    resolution: {integrity: sha512-Rfkk/Mp/DL7JVjeGMu+rFTLsf0o3WbXnO7Qmp/C5xGdT9Xz2y5q2L9W8+c1Wk24djYeDce8pEDKKDNu8I15v69S0A==}

  fsevents@2.3.3:
    resolution: {integrity: sha512-5xoDfX+fL7faATnKgWPk3sD47Hpi7+G34BEUKNq8K5ZIrM7H8Q5O3C4wCVJg4n5J+lIpVDMqkB3V6MyO1J2lOdDw==}
    engines: {node: ^8.16.0 || >=10.12.0}
    os: [darwin]

  graphql@16.8.1:
    resolution: {integrity: sha512-+5qI+Dr7W6x9j3V5lMT5dE6RWfY4sJPAMyShIKR0uSu4JxaD3RMGxkxNLBwU6DcmOEdZ8CqODv8YJpej4sSCTfQA==}
    engines: {node: '>=12.0'}

  hasown@2.0.2:
    resolution: {integrity: sha512-0gUFWE7XKTzj4w1fxEo3x0nS9KuHKH4bKqn6lnfNA1PjamH9c0zZ8mGGD5Lyl9ZFe0Llo0lF6LM7hCV1IjaLpJg==}

  hoist-non-react-statics@3.3.2:
    resolution: {integrity: sha512-/gGivxiJJG+p/n4SuXKI52L7c4X5/1dv3akS8q+c0Q5mt4lG7j8M/E8P7vT6T6S5f9c8A5K3RqNze4S1o7Y9xM8hQ==}

  html5-qrcode@2.3.8:
    resolution: {integrity: sha512-lp4aFD7NJ5o9AVWkwA+/B3x9vVxmzF8NnPr5K5X7N/B7x4w7l6dlBFm/5rK4H24KQQNN3j+1nmJ3OGrEF9EBM8KA==}

  internmap@1.0.1:
    resolution: {integrity: sha512-/RCu8K3qHlKsy1qV3G5q7zSDtJMH5lLFzQDI4ZnlGUeBPVambP4euz0d+7hZ4eZXy4gLOI2p+1KznWfD8y6l0fXg==}

  is-core-module@2.13.1:
    resolution: {integrity: sha512-hHrIjvZsftOsorKSahXJDQu+jK0Qb2WR4/5j7STuugT5+9qLTIBxJa8Y3gpx1GzkH9QmyMqMgo2Aq0uM3kFADg==}

  js-tokens@4.0.0:
    resolution: {integrity: sha512-RdJUflcE3cUzKiMqQgsCu06FPu9UdIJO0beYbPhHN4k6apgJtifcoCtT9bcxOpYBtpD2KfxzEAY9VxT8m5j9fQ==}

  leaflet@1.9.4:
    resolution: {integrity: sha512-nS2p7xq24v3qwkjRo7f2XqE5J5K7u6ILo4o1g2X0O1XiG2D/qCUVYkXUb8uCLuKquS2b7fC4c8oJBAhnK3xI0Vg==}

  lie@3.3.0:
    resolution: {integrity: sha512-UaiMJzeFDlEL18tyZ0gFF3AX5nWMBb2FQMk+6K5THZomIYqDVWhvL1O9eZ8J3aQ4eI5o3xE8J7qU3qQ3c7H3RjGA==}

  loose-envify@1.4.0:
    resolution: {integrity: sha512-lyuxPGr/Wfhrlem2CL/UcnUc1zcqKAImBDzQqGx6hT8EDdLt7amv3R6l4o8o7UVg5XheT3F7wLbZ5K5Y5q6wYjKw==}

  mime-db@1.52.0:
    resolution: {integrity: sha512-sPU4uV7dYlvtWJxwwxHD0PuihVNiEfeTyDfhyvB0OWQwE9V6R+0YStY0ET1YSKvN8gY7uQ2LqT6m1vT3n2Z2kF1KQ==}

  mime-types@2.1.35:
    resolution: {integrity: sha512-ZDY+bPm5zTTF+YpCrAU9nK0UgICYPT0QtT1NZWBX4pfm2SiSiMXV7hOAxyEkPIc7HhzP4aN7G6bkLg4m7dF5BQ==}

  nanoid@3.3.7:
    resolution: {integrity: sha512-eSRppjcPIatRIMC1WkW4qZ5l4Boy4s9mAPN4xkeCjJJp91O6qvmO+5R3KE8lZ5P8cNZa0Q8IT3Wvj8W/g7B3J7jw==}
    engines: {node: ^10.9.0 || ^12.9.0 || ^14.1.0 || >=16.0.0}
    hasBin: true

  object-assign@4.1.1:
    resolution: {integrity: sha512-rJgTQnkUnH1sFw8yT6VSU3zD3Sdp21O1w7fL4wA1l0jAg4ClD4H8jBVO0b7P7lO1Q3RjUbr7V0K/mJxLIyLuvbw==}
    engines: {node: '>=0.10.0'}

  picocolors@1.0.1:
    resolution: {integrity: sha512-xceH2snhtb5M9liIXDsmvku2RJD8L4q06M9W+c7R5efy8G4GE3Xg5b1xCZP7mD2nXaNq6l7a4I8i8F8T/CJ6gV8A==}
    engines: {node: '>=10.13.0'}

  postcss@8.4.38:
    resolution: {integrity: sha512-WglpdkKBSRauRMIlzynf/FlJCFBgs5GqSI0XjWGD24/ZmZBf5cdX4+x6w8R5v9+0qLO6KqtqcVQB5Q4pP1bX+A==}
    engines: {node: ^10 || ^12 || >=14}
    hasBin: true

  proxy-from-env@1.1.0:
    resolution: {integrity: sha512-D+zkORCKsSZRTf5n2Iu82/+9bS1F3y3D3LzWl8qF1N5NwTykTKypv3X3N2B0xf0V9q4xGz5x7lZ0wF6L4w1j+6R3w==}

  react-dom@18.3.1:
    resolution: {integrity: sha512-5m4nQKp+rZRb09LNH59GM4BxTh9251/ylbKIbpe7TpGxfJwa9zg+g4pOoujIVG8zGJP7fjxS7te0lT6QC3qWj7Q==}

  react-leaflet@4.2.1:
    resolution: {integrity: sha512-p9chkvhQ69W4Y9g0kQO1P5L4q9q6IuhJloG2F3I8Mo1h8CqVDyqU6Dm30PyRA5aqU2qQqOr7k+cK+k3U4y8P0vLg==}
    peerDependencies:
      leaflet: '>=1.9.4'
      react: '>=18'
      react-dom: '>=18'

  react-router-dom@6.30.3:
    resolution: {integrity: sha512-c4EBrwIArJ3B1DgNYj9V77P9Z+x0xT4qyxq+IVJ8kFGA24Vqi41aP1L3p6m2/j0BD8NCu5w97z4L3K1mKzT0N8vQ==}
    engines: {node: '>=14.0.0'}

  react@18.3.1:
    resolution: {integrity: sha512-KccMhW5b0muD8a8W/7d2w0eRw6tY6q4n6rPz7K4A7VJ31r2DjnvjWnqJSG0r4+nEL+kO0J8fR1lgM+5N5h3VvF0w==}
    engines: {node: '>=18'}

  recharts@2.15.4:
    resolution: {integrity: sha512-R6r4L+Us3D7fBX9FPo3x1XW1nRFaPZ9Hg6i7M0S1rDhMTJS8gT1zASl8qP6N5J8c5g9M9j4c5g5g5qT0iT0O7V7w==}

  regenerator-runtime@0.14.1:
    resolution: {integrity: sha512-J3En7Ir7rY1KpB5TO65GgMmMK1F0n9NG4l3VLC5cTy3W2pFGK5JqKz0l3vNjEqN5Nq2S4u7c6fL8m3dCP9R9wO5lQ==}

  resize-observer-polyfill@1.5.1:
    resolution: {integrity: sha512-LwZrotd8o2qKa2c5IKm1OQEz4Ul9RpAMYy8bSBS7J3n7G8y7f0aW3qB3qJgA4G4tI+oPPo8a/8y4kJHE6E9M9Dwg==}

  resolve-pkg-maps@1.0.0:
    resolution: {integrity: sha512-seS2QjNWbRz6zcjVmXz0c6PXKpeBDXGwvXEqJGnA7w4gU4R0Gq4gP4P/V8VCwd7G3E+1n7N8f2lEEyZklJ7Q3jg==}

  rollup@4.22.4:
    resolution: {integrity: sha512-vJNK8zP8EdtwP8IcG6xTQRamvMIqB8nZB1TR4U3r9mVdw5W8a6W1Kx6V55hZ6x6jX0XqYV6K6x5vE8qY+P9xK4Svw==}
    engines: {node: '>=18.0.0'}
    hasBin: true

  scheduler@0.23.2:
    resolution: {integrity: sha512-LdLWVx8q4IF9zk0GRF7g5qPO4vLTL7Um0k0t7k8YMT3mOBV6R6r4y9T6L3g3+4kbnqb5LjkZApcK3HKEn6bOVPw==}

  source-map-js@1.2.0:
    resolution: {integrity: sha512-itJW8lvSA0TXEphiRoawsCksnlf8SyVMYTYNFmtzUsoaOHJiCOSfxn/hVPj9atBaOnsqP1ymr8JnrF+06MOg+g==}
    engines: {node: '>=0.10.0'}

  tiny-warning@1.0.3:
    resolution: {integrity: sha512-lBN9zLN/oAf6oewTP66NGbH2u/vNgAY4R1FBK/1FXo5OGLcLqP4jEFB3z3w6IKExrva9Z7xRJ/A8qW4R7P6xGhw==}

  tslib@2.4.0:
    resolution: {integrity: sha512-d6xOpEDfsi2ZMZVWjAbExe0vtuL8ENpzVAwtmk3L5U8xrjSRv8ZK4J0A5S6HqBXj6pJGRmR7dMBz9lHXmrZPbA==}

  victory-vendor@36.9.2:
    resolution: {integrity: sha512-/3BU8nTdlJOrYyFvpGNX3qDJMH8mOB2b8ZGF8oNPE5B9BV0lJbB2gwyLu6l3pMmuB3qO8W6P5R7K7I8wN8V1E0A==}

  vite@5.4.21:
    resolution: {integrity: sha512-0C0XKPXwkE2b2TWz5d6MLzVBYA7LDEG4q6kWl8N7BMd6d9f6mN8oKOq4sI0ZfJq0W0q2qH6C3y0p1Q8B2Y3X8YA==}
    engines: {node: ^18.0.0 || >=20.0.0}
    hasBin: true

  zustand@4.5.7:
    resolution: {integrity: sha512-Nl/YwhdLdY4H7T7K0FNBAdqU+DSJH3z20yq6l4w3xN3hxl1c7pZr6n1qZ6W8N3qD1g1U5LVCj0pJLPZ0x/8qI9OA==}
    peerDependencies:
      '@types/react': '>=17.0.0'
      immer: '>=9.0.6'
      react: '>=16.8.0'
    peerDependenciesMeta:
      '@types/react':
        optional: true
      immer:
        optional: true
      react:
        optional: true